// !$*UTF8*$!
{
	archiveVersion = 1;
	classes = {
	};
	objectVersion = 77;
	objects = {

/* Begin PBXBuildFile section */
		188448B72E59C0C6008AC1A0 /* UICollectionViewInSwiftUI_2App.swift in Sources */ = {isa = PBXBuildFile; fileRef = 188448B62E59C0C6008AC1A0 /* UICollectionViewInSwiftUI_2App.swift */; };
		188448BE2E59C0C6008AC1A0 /* ContentView.swift in Sources */ = {isa = PBXBuildFile; fileRef = 188448BD2E59C0C6008AC1A0 /* ContentView.swift */; };
/* End PBXBuildFile section */

/* Begin PBXContainerItemProxy section */
		188448CA2E59C0C7008AC1A0 /* PBXContainerItemProxy */ = {
			isa = PBXContainerItemProxy;
			containerPortal = 188448AB2E59C0C6008AC1A0 /* Project object */;
			proxyType = 1;
			remoteGlobalIDString = 188448B22E59C0C6008AC1A0;
			remoteInfo = UICollectionViewInSwiftUI_2;
		};
		188448D42E59C0C7008AC1A0 /* PBXContainerItemProxy */ = {
			isa = PBXContainerItemProxy;
			containerPortal = 188448AB2E59C0C6008AC1A0 /* Project object */;
			proxyType = 1;
			remoteGlobalIDString = 188448B22E59C0C6008AC1A0;
			remoteInfo = UICollectionViewInSwiftUI_2;
		};
/* End PBXContainerItemProxy section */

/* Begin PBXFileReference section */
		188448B32E59C0C6008AC1A0 /* UICollectionViewInSwiftUI_2.app */ = {isa = PBXFileReference; explicitFileType = wrapper.application; includeInIndex = 0; path = UICollectionViewInSwiftUI_2.app; sourceTree = BUILT_PRODUCTS_DIR; };
		188448B62E59C0C6008AC1A0 /* UICollectionViewInSwiftUI_2App.swift */ = {isa = PBXFileReference; lastKnownFileType = sourcecode.swift; path = UICollectionViewInSwiftUI_2App.swift; sourceTree = "<group>"; };
		188448BD2E59C0C6008AC1A0 /* ContentView.swift */ = {isa = PBXFileReference; lastKnownFileType = sourcecode.swift; path = ContentView.swift; sourceTree = "<group>"; };
		188448C92E59C0C7008AC1A0 /* UICollectionViewInSwiftUI_2Tests.xctest */ = {isa = PBXFileReference; explicitFileType = wrapper.cfbundle; includeInIndex = 0; path = UICollectionViewInSwiftUI_2Tests.xctest; sourceTree = BUILT_PRODUCTS_DIR; };
		188448D32E59C0C7008AC1A0 /* UICollectionViewInSwiftUI_2UITests.xctest */ = {isa = PBXFileReference; explicitFileType = wrapper.cfbundle; includeInIndex = 0; path = UICollectionViewInSwiftUI_2UITests.xctest; sourceTree = BUILT_PRODUCTS_DIR; };
/* End PBXFileReference section */

/* Begin PBXFileSystemSynchronizedRootGroup section */
		188448B52E59C0C6008AC1A0 /* UICollectionViewInSwiftUI_2 */ = {
			isa = PBXFileSystemSynchronizedRootGroup;
			path = UICollectionViewInSwiftUI_2;
			sourceTree = "<group>";
		};
		188448CC2E59C0C7008AC1A0 /* UICollectionViewInSwiftUI_2Tests */ = {
			isa = PBXFileSystemSynchronizedRootGroup;
			path = UICollectionViewInSwiftUI_2Tests;
			sourceTree = "<group>";
		};
		188448D62E59C0C7008AC1A0 /* UICollectionViewInSwiftUI_2UITests */ = {
			isa = PBXFileSystemSynchronizedRootGroup;
			path = UICollectionViewInSwiftUI_2UITests;
			sourceTree = "<group>";
		};
/* End PBXFileSystemSynchronizedRootGroup section */

/* Begin PBXFrameworksBuildPhase section */
		188448B02E59C0C6008AC1A0 /* Frameworks */ = {
			isa = PBXFrameworksBuildPhase;
			buildActionMask = 2147483647;
			files = (
			);
			runOnlyForDeploymentPostprocessing = 0;
		};
		188448C62E59C0C7008AC1A0 /* Frameworks */ = {
			isa = PBXFrameworksBuildPhase;
			buildActionMask = 2147483647;
			files = (
			);
			runOnlyForDeploymentPostprocessing = 0;
		};
		188448D02E59C0C7008AC1A0 /* Frameworks */ = {
			isa = PBXFrameworksBuildPhase;
			buildActionMask = 2147483647;
			files = (
			);
			runOnlyForDeploymentPostprocessing = 0;
		};
/* End PBXFrameworksBuildPhase section */

/* Begin PBXGroup section */
		188448AA2E59C0C6008AC1A0 = {
			isa = PBXGroup;
			children = (
				188448B52E59C0C6008AC1A0 /* UICollectionViewInSwiftUI_2 */,
				188448CC2E59C0C7008AC1A0 /* UICollectionViewInSwiftUI_2Tests */,
				188448D62E59C0C7008AC1A0 /* UICollectionViewInSwiftUI_2UITests */,
				188448B42E59C0C6008AC1A0 /* Products */,
				188448BD2E59C0C6008AC1A0 /* ContentView.swift */,
				188448B62E59C0C6008AC1A0 /* UICollectionViewInSwiftUI_2App.swift */,
			);
			sourceTree = "<group>";
		};
		188448B42E59C0C6008AC1A0 /* Products */ = {
			isa = PBXGroup;
			children = (
				188448B32E59C0C6008AC1A0 /* UICollectionViewInSwiftUI_2.app */,
				188448C92E59C0C7008AC1A0 /* UICollectionViewInSwiftUI_2Tests.xctest */,
				188448D32E59C0C7008AC1A0 /* UICollectionViewInSwiftUI_2UITests.xctest */,
			);
			name = Products;
			sourceTree = "<group>";
		};
/* End PBXGroup section */

/* Begin PBXNativeTarget section */
		188448B22E59C0C6008AC1A0 /* UICollectionViewInSwiftUI_2 */ = {
			isa = PBXNativeTarget;
			buildConfigurationList = 188448DD2E59C0C7008AC1A0 /* Build configuration list for PBXNativeTarget "UICollectionViewInSwiftUI_2" */;
			buildPhases = (
				188448AF2E59C0C6008AC1A0 /* Sources */,
				188448B02E59C0C6008AC1A0 /* Frameworks */,
				188448B12E59C0C6008AC1A0 /* Resources */,
			);
			buildRules = (
			);
			dependencies = (
			);
			fileSystemSynchronizedGroups = (
				188448B52E59C0C6008AC1A0 /* UICollectionViewInSwiftUI_2 */,
			);
			name = UICollectionViewInSwiftUI_2;
			packageProductDependencies = (
			);
			productName = UICollectionViewInSwiftUI_2;
			productReference = 188448B32E59C0C6008AC1A0 /* UICollectionViewInSwiftUI_2.app */;
			productType = "com.apple.product-type.application";
		};
		188448C82E59C0C7008AC1A0 /* UICollectionViewInSwiftUI_2Tests */ = {
			isa = PBXNativeTarget;
			buildConfigurationList = 188448E02E59C0C7008AC1A0 /* Build configuration list for PBXNativeTarget "UICollectionViewInSwiftUI_2Tests" */;
			buildPhases = (
				188448C52E59C0C7008AC1A0 /* Sources */,
				188448C62E59C0C7008AC1A0 /* Frameworks */,
				188448C72E59C0C7008AC1A0 /* Resources */,
			);
			buildRules = (
			);
			dependencies = (
				188448CB2E59C0C7008AC1A0 /* PBXTargetDependency */,
			);
			fileSystemSynchronizedGroups = (
				188448CC2E59C0C7008AC1A0 /* UICollectionViewInSwiftUI_2Tests */,
			);
			name = UICollectionViewInSwiftUI_2Tests;
			packageProductDependencies = (
			);
			productName = UICollectionViewInSwiftUI_2Tests;
			productReference = 188448C92E59C0C7008AC1A0 /* UICollectionViewInSwiftUI_2Tests.xctest */;
			productType = "com.apple.product-type.bundle.unit-test";
		};
		188448D22E59C0C7008AC1A0 /* UICollectionViewInSwiftUI_2UITests */ = {
			isa = PBXNativeTarget;
			buildConfigurationList = 188448E32E59C0C7008AC1A0 /* Build configuration list for PBXNativeTarget "UICollectionViewInSwiftUI_2UITests" */;
			buildPhases = (
				188448CF2E59C0C7008AC1A0 /* Sources */,
				188448D02E59C0C7008AC1A0 /* Frameworks */,
				188448D12E59C0C7008AC1A0 /* Resources */,
			);
			buildRules = (
			);
			dependencies = (
				188448D52E59C0C7008AC1A0 /* PBXTargetDependency */,
			);
			fileSystemSynchronizedGroups = (
				188448D62E59C0C7008AC1A0 /* UICollectionViewInSwiftUI_2UITests */,
			);
			name = UICollectionViewInSwiftUI_2UITests;
			packageProductDependencies = (
			);
			productName = UICollectionViewInSwiftUI_2UITests;
			productReference = 188448D32E59C0C7008AC1A0 /* UICollectionViewInSwiftUI_2UITests.xctest */;
			productType = "com.apple.product-type.bundle.ui-testing";
		};
/* End PBXNativeTarget section */

/* Begin PBXProject section */
		188448AB2E59C0C6008AC1A0 /* Project object */ = {
			isa = PBXProject;
			attributes = {
				BuildIndependentTargetsInParallel = 1;
				LastSwiftUpdateCheck = 1620;
				LastUpgradeCheck = 1620;
				TargetAttributes = {
					188448B22E59C0C6008AC1A0 = {
						CreatedOnToolsVersion = 16.2;
					};
					188448C82E59C0C7008AC1A0 = {
						CreatedOnToolsVersion = 16.2;
						TestTargetID = 188448B22E59C0C6008AC1A0;
					};
					188448D22E59C0C7008AC1A0 = {
						CreatedOnToolsVersion = 16.2;
						TestTargetID = 188448B22E59C0C6008AC1A0;
					};
				};
			};
			buildConfigurationList = 188448AE2E59C0C6008AC1A0 /* Build configuration list for PBXProject "UICollectionViewInSwiftUI_2" */;
			developmentRegion = en;
			hasScannedForEncodings = 0;
			knownRegions = (
				en,
				Base,
			);
			mainGroup = 188448AA2E59C0C6008AC1A0;
			minimizedProjectReferenceProxies = 1;
			preferredProjectObjectVersion = 77;
			productRefGroup = 188448B42E59C0C6008AC1A0 /* Products */;
			projectDirPath = "";
			projectRoot = "";
			targets = (
				188448B22E59C0C6008AC1A0 /* UICollectionViewInSwiftUI_2 */,
				188448C82E59C0C7008AC1A0 /* UICollectionViewInSwiftUI_2Tests */,
				188448D22E59C0C7008AC1A0 /* UICollectionViewInSwiftUI_2UITests */,
			);
		};
/* End PBXProject section */

/* Begin PBXResourcesBuildPhase section */
		188448B12E59C0C6008AC1A0 /* Resources */ = {
			isa = PBXResourcesBuildPhase;
			buildActionMask = 2147483647;
			files = (
			);
			runOnlyForDeploymentPostprocessing = 0;
		};
		188448C72E59C0C7008AC1A0 /* Resources */ = {
			isa = PBXResourcesBuildPhase;
			buildActionMask = 2147483647;
			files = (
			);
			runOnlyForDeploymentPostprocessing = 0;
		};
		188448D12E59C0C7008AC1A0 /* Resources */ = {
			isa = PBXResourcesBuildPhase;
			buildActionMask = 2147483647;
			files = (
			);
			runOnlyForDeploymentPostprocessing = 0;
		};
/* End PBXResourcesBuildPhase section */

/* Begin PBXSourcesBuildPhase section */
		188448AF2E59C0C6008AC1A0 /* Sources */ = {
			isa = PBXSourcesBuildPhase;
			buildActionMask = 2147483647;
			files = (
				188448B72E59C0C6008AC1A0 /* UICollectionViewInSwiftUI_2App.swift in Sources */,
				188448BE2E59C0C6008AC1A0 /* ContentView.swift in Sources */,
			);
			runOnlyForDeploymentPostprocessing = 0;
		};
		188448C52E59C0C7008AC1A0 /* Sources */ = {
			isa = PBXSourcesBuildPhase;
			buildActionMask = 2147483647;
			files = (
			);
			runOnlyForDeploymentPostprocessing = 0;
		};
		188448CF2E59C0C7008AC1A0 /* Sources */ = {
			isa = PBXSourcesBuildPhase;
			buildActionMask = 2147483647;
			files = (
			);
			runOnlyForDeploymentPostprocessing = 0;
		};
/* End PBXSourcesBuildPhase section */

/* Begin PBXTargetDependency section */
		188448CB2E59C0C7008AC1A0 /* PBXTargetDependency */ = {
			isa = PBXTargetDependency;
			target = 188448B22E59C0C6008AC1A0 /* UICollectionViewInSwiftUI_2 */;
			targetProxy = 188448CA2E59C0C7008AC1A0 /* PBXContainerItemProxy */;
		};
		188448D52E59C0C7008AC1A0 /* PBXTargetDependency */ = {
			isa = PBXTargetDependency;
			target = 188448B22E59C0C6008AC1A0 /* UICollectionViewInSwiftUI_2 */;
			targetProxy = 188448D42E59C0C7008AC1A0 /* PBXContainerItemProxy */;
		};
/* End PBXTargetDependency section */

/* Begin XCBuildConfiguration section */
		188448DB2E59C0C7008AC1A0 /* Debug */ = {
			isa = XCBuildConfiguration;
			buildSettings = {
				ALWAYS_SEARCH_USER_PATHS = NO;
				ASSETCATALOG_COMPILER_GENERATE_SWIFT_ASSET_SYMBOL_EXTENSIONS = YES;
				CLANG_ANALYZER_NONNULL = YES;
				CLANG_ANALYZER_NUMBER_OBJECT_CONVERSION = YES_AGGRESSIVE;
				CLANG_CXX_LANGUAGE_STANDARD = "gnu++20";
				CLANG_ENABLE_MODULES = YES;
				CLANG_ENABLE_OBJC_ARC = YES;
				CLANG_ENABLE_OBJC_WEAK = YES;
				CLANG_WARN_BLOCK_CAPTURE_AUTORELEASING = YES;
				CLANG_WARN_BOOL_CONVERSION = YES;
				CLANG_WARN_COMMA = YES;
				CLANG_WARN_CONSTANT_CONVERSION = YES;
				CLANG_WARN_DEPRECATED_OBJC_IMPLEMENTATIONS = YES;
				CLANG_WARN_DIRECT_OBJC_ISA_USAGE = YES_ERROR;
				CLANG_WARN_DOCUMENTATION_COMMENTS = YES;
				CLANG_WARN_EMPTY_BODY = YES;
				CLANG_WARN_ENUM_CONVERSION = YES;
				CLANG_WARN_INFINITE_RECURSION = YES;
				CLANG_WARN_INT_CONVERSION = YES;
				CLANG_WARN_NON_LITERAL_NULL_CONVERSION = YES;
				CLANG_WARN_OBJC_IMPLICIT_RETAIN_SELF = YES;
				CLANG_WARN_OBJC_LITERAL_CONVERSION = YES;
				CLANG_WARN_OBJC_ROOT_CLASS = YES_ERROR;
				CLANG_WARN_QUOTED_INCLUDE_IN_FRAMEWORK_HEADER = YES;
				CLANG_WARN_RANGE_LOOP_ANALYSIS = YES;
				CLANG_WARN_STRICT_PROTOTYPES = YES;
				CLANG_WARN_SUSPICIOUS_MOVE = YES;
				CLANG_WARN_UNGUARDED_AVAILABILITY = YES_AGGRESSIVE;
				CLANG_WARN_UNREACHABLE_CODE = YES;
				CLANG_WARN__DUPLICATE_METHOD_MATCH = YES;
				COPY_PHASE_STRIP = NO;
				DEBUG_INFORMATION_FORMAT = dwarf;
				ENABLE_STRICT_OBJC_MSGSEND = YES;
				ENABLE_TESTABILITY = YES;
				ENABLE_USER_SCRIPT_SANDBOXING = YES;
				GCC_C_LANGUAGE_STANDARD = gnu17;
				GCC_DYNAMIC_NO_PIC = NO;
				GCC_NO_COMMON_BLOCKS = YES;
				GCC_OPTIMIZATION_LEVEL = 0;
				GCC_PREPROCESSOR_DEFINITIONS = (
					"DEBUG=1",
					"$(inherited)",
				);
				GCC_WARN_64_TO_32_BIT_CONVERSION = YES;
				GCC_WARN_ABOUT_RETURN_TYPE = YES_ERROR;
				GCC_WARN_UNDECLARED_SELECTOR = YES;
				GCC_WARN_UNINITIALIZED_AUTOS = YES_AGGRESSIVE;
				GCC_WARN_UNUSED_FUNCTION = YES;
				GCC_WARN_UNUSED_VARIABLE = YES;
				LOCALIZATION_PREFERS_STRING_CATALOGS = YES;
				MTL_ENABLE_DEBUG_INFO = INCLUDE_SOURCE;
				MTL_FAST_MATH = YES;
				ONLY_ACTIVE_ARCH = YES;
				SWIFT_ACTIVE_COMPILATION_CONDITIONS = "DEBUG $(inherited)";
				SWIFT_OPTIMIZATION_LEVEL = "-Onone";
			};
			name = Debug;
		};
		188448DC2E59C0C7008AC1A0 /* Release */ = {
			isa = XCBuildConfiguration;
			buildSettings = {
				ALWAYS_SEARCH_USER_PATHS = NO;
				ASSETCATALOG_COMPILER_GENERATE_SWIFT_ASSET_SYMBOL_EXTENSIONS = YES;
				CLANG_ANALYZER_NONNULL = YES;
				CLANG_ANALYZER_NUMBER_OBJECT_CONVERSION = YES_AGGRESSIVE;
				CLANG_CXX_LANGUAGE_STANDARD = "gnu++20";
				CLANG_ENABLE_MODULES = YES;
				CLANG_ENABLE_OBJC_ARC = YES;
				CLANG_ENABLE_OBJC_WEAK = YES;
				CLANG_WARN_BLOCK_CAPTURE_AUTORELEASING = YES;
				CLANG_WARN_BOOL_CONVERSION = YES;
				CLANG_WARN_COMMA = YES;
				CLANG_WARN_CONSTANT_CONVERSION = YES;
				CLANG_WARN_DEPRECATED_OBJC_IMPLEMENTATIONS = YES;
				CLANG_WARN_DIRECT_OBJC_ISA_USAGE = YES_ERROR;
				CLANG_WARN_DOCUMENTATION_COMMENTS = YES;
				CLANG_WARN_EMPTY_BODY = YES;
				CLANG_WARN_ENUM_CONVERSION = YES;
				CLANG_WARN_INFINITE_RECURSION = YES;
				CLANG_WARN_INT_CONVERSION = YES;
				CLANG_WARN_NON_LITERAL_NULL_CONVERSION = YES;
				CLANG_WARN_OBJC_IMPLICIT_RETAIN_SELF = YES;
				CLANG_WARN_OBJC_LITERAL_CONVERSION = YES;
				CLANG_WARN_OBJC_ROOT_CLASS = YES_ERROR;
				CLANG_WARN_QUOTED_INCLUDE_IN_FRAMEWORK_HEADER = YES;
				CLANG_WARN_RANGE_LOOP_ANALYSIS = YES;
				CLANG_WARN_STRICT_PROTOTYPES = YES;
				CLANG_WARN_SUSPICIOUS_MOVE = YES;
				CLANG_WARN_UNGUARDED_AVAILABILITY = YES_AGGRESSIVE;
				CLANG_WARN_UNREACHABLE_CODE = YES;
				CLANG_WARN__DUPLICATE_METHOD_MATCH = YES;
				COPY_PHASE_STRIP = NO;
				DEBUG_INFORMATION_FORMAT = "dwarf-with-dsym";
				ENABLE_NS_ASSERTIONS = NO;
				ENABLE_STRICT_OBJC_MSGSEND = YES;
				ENABLE_USER_SCRIPT_SANDBOXING = YES;
				GCC_C_LANGUAGE_STANDARD = gnu17;
				GCC_NO_COMMON_BLOCKS = YES;
				GCC_WARN_64_TO_32_BIT_CONVERSION = YES;
				GCC_WARN_ABOUT_RETURN_TYPE = YES_ERROR;
				GCC_WARN_UNDECLARED_SELECTOR = YES;
				GCC_WARN_UNINITIALIZED_AUTOS = YES_AGGRESSIVE;
				GCC_WARN_UNUSED_FUNCTION = YES;
				GCC_WARN_UNUSED_VARIABLE = YES;
				LOCALIZATION_PREFERS_STRING_CATALOGS = YES;
				MTL_ENABLE_DEBUG_INFO = NO;
				MTL_FAST_MATH = YES;
				SWIFT_COMPILATION_MODE = wholemodule;
			};
			name = Release;
		};
		188448DE2E59C0C7008AC1A0 /* Debug */ = {
			isa = XCBuildConfiguration;
			buildSettings = {
				ASSETCATALOG_COMPILER_APPICON_NAME = AppIcon;
				ASSETCATALOG_COMPILER_GLOBAL_ACCENT_COLOR_NAME = AccentColor;
				CODE_SIGN_ENTITLEMENTS = UICollectionViewInSwiftUI_2/UICollectionViewInSwiftUI_2.entitlements;
				CODE_SIGN_STYLE = Automatic;
				CURRENT_PROJECT_VERSION = 1;
				DEVELOPMENT_ASSET_PATHS = "\"UICollectionViewInSwiftUI_2/Preview Content\"";
				DEVELOPMENT_TEAM = 36Z8VP4JN8;
				ENABLE_HARDENED_RUNTIME = YES;
				ENABLE_PREVIEWS = YES;
				GENERATE_INFOPLIST_FILE = YES;
				"INFOPLIST_KEY_UIApplicationSceneManifest_Generation[sdk=iphoneos*]" = YES;
				"INFOPLIST_KEY_UIApplicationSceneManifest_Generation[sdk=iphonesimulator*]" = YES;
				"INFOPLIST_KEY_UIApplicationSupportsIndirectInputEvents[sdk=iphoneos*]" = YES;
				"INFOPLIST_KEY_UIApplicationSupportsIndirectInputEvents[sdk=iphonesimulator*]" = YES;
				"INFOPLIST_KEY_UILaunchScreen_Generation[sdk=iphoneos*]" = YES;
				"INFOPLIST_KEY_UILaunchScreen_Generation[sdk=iphonesimulator*]" = YES;
				"INFOPLIST_KEY_UIStatusBarStyle[sdk=iphoneos*]" = UIStatusBarStyleDefault;
				"INFOPLIST_KEY_UIStatusBarStyle[sdk=iphonesimulator*]" = UIStatusBarStyleDefault;
				INFOPLIST_KEY_UISupportedInterfaceOrientations_iPad = "UIInterfaceOrientationPortrait UIInterfaceOrientationPortraitUpsideDown UIInterfaceOrientationLandscapeLeft UIInterfaceOrientationLandscapeRight";
				INFOPLIST_KEY_UISupportedInterfaceOrientations_iPhone = "UIInterfaceOrientationPortrait UIInterfaceOrientationLandscapeLeft UIInterfaceOrientationLandscapeRight";
				IPHONEOS_DEPLOYMENT_TARGET = 18.2;
				LD_RUNPATH_SEARCH_PATHS = "@executable_path/Frameworks";
				"LD_RUNPATH_SEARCH_PATHS[sdk=macosx*]" = "@executable_path/../Frameworks";
				MACOSX_DEPLOYMENT_TARGET = 15.0;
				MARKETING_VERSION = 1.0;
				PRODUCT_BUNDLE_IDENTIFIER = "boad-system.UICollectionViewInSwiftUI-2";
				PRODUCT_NAME = "$(TARGET_NAME)";
				SDKROOT = auto;
				SUPPORTED_PLATFORMS = "iphoneos iphonesimulator macosx xros xrsimulator";
				SWIFT_EMIT_LOC_STRINGS = YES;
				SWIFT_VERSION = 5.0;
				TARGETED_DEVICE_FAMILY = "1,2,7";
				XROS_DEPLOYMENT_TARGET = 2.2;
			};
			name = Debug;
		};
		188448DF2E59C0C7008AC1A0 /* Release */ = {
			isa = XCBuildConfiguration;
			buildSettings = {
				ASSETCATALOG_COMPILER_APPICON_NAME = AppIcon;
				ASSETCATALOG_COMPILER_GLOBAL_ACCENT_COLOR_NAME = AccentColor;
				CODE_SIGN_ENTITLEMENTS = UICollectionViewInSwiftUI_2/UICollectionViewInSwiftUI_2.entitlements;
				CODE_SIGN_STYLE = Automatic;
				CURRENT_PROJECT_VERSION = 1;
				DEVELOPMENT_ASSET_PATHS = "\"UICollectionViewInSwiftUI_2/Preview Content\"";
				DEVELOPMENT_TEAM = 36Z8VP4JN8;
				ENABLE_HARDENED_RUNTIME = YES;
				ENABLE_PREVIEWS = YES;
				GENERATE_INFOPLIST_FILE = YES;
				"INFOPLIST_KEY_UIApplicationSceneManifest_Generation[sdk=iphoneos*]" = YES;
				"INFOPLIST_KEY_UIApplicationSceneManifest_Generation[sdk=iphonesimulator*]" = YES;
				"INFOPLIST_KEY_UIApplicationSupportsIndirectInputEvents[sdk=iphoneos*]" = YES;
				"INFOPLIST_KEY_UIApplicationSupportsIndirectInputEvents[sdk=iphonesimulator*]" = YES;
				"INFOPLIST_KEY_UILaunchScreen_Generation[sdk=iphoneos*]" = YES;
				"INFOPLIST_KEY_UILaunchScreen_Generation[sdk=iphonesimulator*]" = YES;
				"INFOPLIST_KEY_UIStatusBarStyle[sdk=iphoneos*]" = UIStatusBarStyleDefault;
				"INFOPLIST_KEY_UIStatusBarStyle[sdk=iphonesimulator*]" = UIStatusBarStyleDefault;
				INFOPLIST_KEY_UISupportedInterfaceOrientations_iPad = "UIInterfaceOrientationPortrait UIInterfaceOrientationPortraitUpsideDown UIInterfaceOrientationLandscapeLeft UIInterfaceOrientationLandscapeRight";
				INFOPLIST_KEY_UISupportedInterfaceOrientations_iPhone = "UIInterfaceOrientationPortrait UIInterfaceOrientationLandscapeLeft UIInterfaceOrientationLandscapeRight";
				IPHONEOS_DEPLOYMENT_TARGET = 18.2;
				LD_RUNPATH_SEARCH_PATHS = "@executable_path/Frameworks";
				"LD_RUNPATH_SEARCH_PATHS[sdk=macosx*]" = "@executable_path/../Frameworks";
				MACOSX_DEPLOYMENT_TARGET = 15.0;
				MARKETING_VERSION = 1.0;
				PRODUCT_BUNDLE_IDENTIFIER = "boad-system.UICollectionViewInSwiftUI-2";
				PRODUCT_NAME = "$(TARGET_NAME)";
				SDKROOT = auto;
				SUPPORTED_PLATFORMS = "iphoneos iphonesimulator macosx xros xrsimulator";
				SWIFT_EMIT_LOC_STRINGS = YES;
				SWIFT_VERSION = 5.0;
				TARGETED_DEVICE_FAMILY = "1,2,7";
				XROS_DEPLOYMENT_TARGET = 2.2;
			};
			name = Release;
		};
		188448E12E59C0C7008AC1A0 /* Debug */ = {
			isa = XCBuildConfiguration;
			buildSettings = {
				BUNDLE_LOADER = "$(TEST_HOST)";
				CODE_SIGN_STYLE = Automatic;
				CURRENT_PROJECT_VERSION = 1;
				DEVELOPMENT_TEAM = 36Z8VP4JN8;
				GENERATE_INFOPLIST_FILE = YES;
				IPHONEOS_DEPLOYMENT_TARGET = 18.2;
				MACOSX_DEPLOYMENT_TARGET = 15.0;
				MARKETING_VERSION = 1.0;
				PRODUCT_BUNDLE_IDENTIFIER = "boad-system.UICollectionViewInSwiftUI-2Tests";
				PRODUCT_NAME = "$(TARGET_NAME)";
				SDKROOT = auto;
				SUPPORTED_PLATFORMS = "iphoneos iphonesimulator macosx xros xrsimulator";
				SWIFT_EMIT_LOC_STRINGS = NO;
				SWIFT_VERSION = 5.0;
				TARGETED_DEVICE_FAMILY = "1,2,7";
				TEST_HOST = "$(BUILT_PRODUCTS_DIR)/UICollectionViewInSwiftUI_2.app/$(BUNDLE_EXECUTABLE_FOLDER_PATH)/UICollectionViewInSwiftUI_2";
				XROS_DEPLOYMENT_TARGET = 2.2;
			};
			name = Debug;
		};
		188448E22E59C0C7008AC1A0 /* Release */ = {
			isa = XCBuildConfiguration;
			buildSettings = {
				BUNDLE_LOADER = "$(TEST_HOST)";
				CODE_SIGN_STYLE = Automatic;
				CURRENT_PROJECT_VERSION = 1;
				DEVELOPMENT_TEAM = 36Z8VP4JN8;
				GENERATE_INFOPLIST_FILE = YES;
				IPHONEOS_DEPLOYMENT_TARGET = 18.2;
				MACOSX_DEPLOYMENT_TARGET = 15.0;
				MARKETING_VERSION = 1.0;
				PRODUCT_BUNDLE_IDENTIFIER = "boad-system.UICollectionViewInSwiftUI-2Tests";
				PRODUCT_NAME = "$(TARGET_NAME)";
				SDKROOT = auto;
				SUPPORTED_PLATFORMS = "iphoneos iphonesimulator macosx xros xrsimulator";
				SWIFT_EMIT_LOC_STRINGS = NO;
				SWIFT_VERSION = 5.0;
				TARGETED_DEVICE_FAMILY = "1,2,7";
				TEST_HOST = "$(BUILT_PRODUCTS_DIR)/UICollectionViewInSwiftUI_2.app/$(BUNDLE_EXECUTABLE_FOLDER_PATH)/UICollectionViewInSwiftUI_2";
				XROS_DEPLOYMENT_TARGET = 2.2;
			};
			name = Release;
		};
		188448E42E59C0C7008AC1A0 /* Debug */ = {
			isa = XCBuildConfiguration;
			buildSettings = {
				CODE_SIGN_STYLE = Automatic;
				CURRENT_PROJECT_VERSION = 1;
				DEVELOPMENT_TEAM = 36Z8VP4JN8;
				GENERATE_INFOPLIST_FILE = YES;
				IPHONEOS_DEPLOYMENT_TARGET = 18.2;
				MACOSX_DEPLOYMENT_TARGET = 15.0;
				MARKETING_VERSION = 1.0;
				PRODUCT_BUNDLE_IDENTIFIER = "boad-system.UICollectionViewInSwiftUI-2UITests";
				PRODUCT_NAME = "$(TARGET_NAME)";
				SDKROOT = auto;
				SUPPORTED_PLATFORMS = "iphoneos iphonesimulator macosx xros xrsimulator";
				SWIFT_EMIT_LOC_STRINGS = NO;
				SWIFT_VERSION = 5.0;
				TARGETED_DEVICE_FAMILY = "1,2,7";
				TEST_TARGET_NAME = UICollectionViewInSwiftUI_2;
				XROS_DEPLOYMENT_TARGET = 2.2;
			};
			name = Debug;
		};
		188448E52E59C0C7008AC1A0 /* Release */ = {
			isa = XCBuildConfiguration;
			buildSettings = {
				CODE_SIGN_STYLE = Automatic;
				CURRENT_PROJECT_VERSION = 1;
				DEVELOPMENT_TEAM = 36Z8VP4JN8;
				GENERATE_INFOPLIST_FILE = YES;
				IPHONEOS_DEPLOYMENT_TARGET = 18.2;
				MACOSX_DEPLOYMENT_TARGET = 15.0;
				MARKETING_VERSION = 1.0;
				PRODUCT_BUNDLE_IDENTIFIER = "boad-system.UICollectionViewInSwiftUI-2UITests";
				PRODUCT_NAME = "$(TARGET_NAME)";
				SDKROOT = auto;
				SUPPORTED_PLATFORMS = "iphoneos iphonesimulator macosx xros xrsimulator";
				SWIFT_EMIT_LOC_STRINGS = NO;
				SWIFT_VERSION = 5.0;
				TARGETED_DEVICE_FAMILY = "1,2,7";
				TEST_TARGET_NAME = UICollectionViewInSwiftUI_2;
				XROS_DEPLOYMENT_TARGET = 2.2;
			};
			name = Release;
		};
/* End XCBuildConfiguration section */

/* Begin XCConfigurationList section */
		188448AE2E59C0C6008AC1A0 /* Build configuration list for PBXProject "UICollectionViewInSwiftUI_2" */ = {
			isa = XCConfigurationList;
			buildConfigurations = (
				188448DB2E59C0C7008AC1A0 /* Debug */,
				188448DC2E59C0C7008AC1A0 /* Release */,
			);
			defaultConfigurationIsVisible = 0;
			defaultConfigurationName = Release;
		};
		188448DD2E59C0C7008AC1A0 /* Build configuration list for PBXNativeTarget "UICollectionViewInSwiftUI_2" */ = {
			isa = XCConfigurationList;
			buildConfigurations = (
				188448DE2E59C0C7008AC1A0 /* Debug */,
				188448DF2E59C0C7008AC1A0 /* Release */,
			);
			defaultConfigurationIsVisible = 0;
			defaultConfigurationName = Release;
		};
		188448E02E59C0C7008AC1A0 /* Build configuration list for PBXNativeTarget "UICollectionViewInSwiftUI_2Tests" */ = {
			isa = XCConfigurationList;
			buildConfigurations = (
				188448E12E59C0C7008AC1A0 /* Debug */,
				188448E22E59C0C7008AC1A0 /* Release */,
			);
			defaultConfigurationIsVisible = 0;
			defaultConfigurationName = Release;
		};
		188448E32E59C0C7008AC1A0 /* Build configuration list for PBXNativeTarget "UICollectionViewInSwiftUI_2UITests" */ = {
			isa = XCConfigurationList;
			buildConfigurations = (
				188448E42E59C0C7008AC1A0 /* Debug */,
				188448E52E59C0C7008AC1A0 /* Release */,
			);
			defaultConfigurationIsVisible = 0;
			defaultConfigurationName = Release;
		};
/* End XCConfigurationList section */
	};
	rootObject = 188448AB2E59C0C6008AC1A0 /* Project object */;
}
